// !$*UTF8*$!
{
	archiveVersion = 1;
	classes = {
	};
	objectVersion = 55;
	objects = {

/* Begin PBXBuildFile section */
		591FDD6228570F460014B1BB /* Canvas.swift in Sources */ = {isa = PBXBuildFile; fileRef = 591FDD6128570F460014B1BB /* Canvas.swift */; };
		5941D69E2851BD8800957E1E /* AppDelegate.swift in Sources */ = {isa = PBXBuildFile; fileRef = 5941D69D2851BD8800957E1E /* AppDelegate.swift */; };
		5941D6A02851BD8800957E1E /* SceneDelegate.swift in Sources */ = {isa = PBXBuildFile; fileRef = 5941D69F2851BD8800957E1E /* SceneDelegate.swift */; };
		5941D6A22851BD8800957E1E /* ViewController.swift in Sources */ = {isa = PBXBuildFile; fileRef = 5941D6A12851BD8800957E1E /* ViewController.swift */; };
		5941D6A52851BD8800957E1E /* Main.storyboard in Resources */ = {isa = PBXBuildFile; fileRef = 5941D6A32851BD8800957E1E /* Main.storyboard */; };
		5941D6A72851BD8800957E1E /* Assets.xcassets in Resources */ = {isa = PBXBuildFile; fileRef = 5941D6A62851BD8800957E1E /* Assets.xcassets */; };
		5941D6AA2851BD8800957E1E /* LaunchScreen.storyboard in Resources */ = {isa = PBXBuildFile; fileRef = 5941D6A82851BD8800957E1E /* LaunchScreen.storyboard */; };
		5997D79C286F2211008BF2D5 /* ShapesMomento.swift in Sources */ = {isa = PBXBuildFile; fileRef = 5997D79B286F2211008BF2D5 /* ShapesMomento.swift */; };
		59D19785286C553E0001154D /* ShapeConfiguration.swift in Sources */ = {isa = PBXBuildFile; fileRef = 59D19784286C553E0001154D /* ShapeConfiguration.swift */; };
		59D19787286C55C30001154D /* UIBiezer + Extension.swift in Sources */ = {isa = PBXBuildFile; fileRef = 59D19786286C55C30001154D /* UIBiezer + Extension.swift */; };
		59D19789286C56020001154D /* LineFactory.swift in Sources */ = {isa = PBXBuildFile; fileRef = 59D19788286C56020001154D /* LineFactory.swift */; };
		59D1978B286C56290001154D /* RectangleFactory.swift in Sources */ = {isa = PBXBuildFile; fileRef = 59D1978A286C56290001154D /* RectangleFactory.swift */; };
		59D1978D286C56390001154D /* TriangleFactory.swift in Sources */ = {isa = PBXBuildFile; fileRef = 59D1978C286C56390001154D /* TriangleFactory.swift */; };
		59D1978F286C564B0001154D /* CircleFactory.swift in Sources */ = {isa = PBXBuildFile; fileRef = 59D1978E286C564B0001154D /* CircleFactory.swift */; };
		59E1DC9A28587B7300F97ACE /* ShapeViewModel.swift in Sources */ = {isa = PBXBuildFile; fileRef = 59E1DC9928587B7300F97ACE /* ShapeViewModel.swift */; };
/* End PBXBuildFile section */

/* Begin PBXFileReference section */
		591FDD6128570F460014B1BB /* Canvas.swift */ = {isa = PBXFileReference; lastKnownFileType = sourcecode.swift; path = Canvas.swift; sourceTree = "<group>"; };
		5941D69A2851BD8800957E1E /* Paint App.app */ = {isa = PBXFileReference; explicitFileType = wrapper.application; includeInIndex = 0; path = "Paint App.app"; sourceTree = BUILT_PRODUCTS_DIR; };
		5941D69D2851BD8800957E1E /* AppDelegate.swift */ = {isa = PBXFileReference; lastKnownFileType = sourcecode.swift; path = AppDelegate.swift; sourceTree = "<group>"; };
		5941D69F2851BD8800957E1E /* SceneDelegate.swift */ = {isa = PBXFileReference; lastKnownFileType = sourcecode.swift; path = SceneDelegate.swift; sourceTree = "<group>"; };
		5941D6A12851BD8800957E1E /* ViewController.swift */ = {isa = PBXFileReference; lastKnownFileType = sourcecode.swift; path = ViewController.swift; sourceTree = "<group>"; };
		5941D6A42851BD8800957E1E /* Base */ = {isa = PBXFileReference; lastKnownFileType = file.storyboard; name = Base; path = Base.lproj/Main.storyboard; sourceTree = "<group>"; };
		5941D6A62851BD8800957E1E /* Assets.xcassets */ = {isa = PBXFileReference; lastKnownFileType = folder.assetcatalog; path = Assets.xcassets; sourceTree = "<group>"; };
		5941D6A92851BD8800957E1E /* Base */ = {isa = PBXFileReference; lastKnownFileType = file.storyboard; name = Base; path = Base.lproj/LaunchScreen.storyboard; sourceTree = "<group>"; };
		5941D6AB2851BD8800957E1E /* Info.plist */ = {isa = PBXFileReference; lastKnownFileType = text.plist.xml; path = Info.plist; sourceTree = "<group>"; };
		5997D79B286F2211008BF2D5 /* ShapesMomento.swift */ = {isa = PBXFileReference; lastKnownFileType = sourcecode.swift; path = ShapesMomento.swift; sourceTree = "<group>"; };
		59D19784286C553E0001154D /* ShapeConfiguration.swift */ = {isa = PBXFileReference; lastKnownFileType = sourcecode.swift; path = ShapeConfiguration.swift; sourceTree = "<group>"; };
		59D19786286C55C30001154D /* UIBiezer + Extension.swift */ = {isa = PBXFileReference; lastKnownFileType = sourcecode.swift; path = "UIBiezer + Extension.swift"; sourceTree = "<group>"; };
		59D19788286C56020001154D /* LineFactory.swift */ = {isa = PBXFileReference; lastKnownFileType = sourcecode.swift; path = LineFactory.swift; sourceTree = "<group>"; };
		59D1978A286C56290001154D /* RectangleFactory.swift */ = {isa = PBXFileReference; lastKnownFileType = sourcecode.swift; path = RectangleFactory.swift; sourceTree = "<group>"; };
		59D1978C286C56390001154D /* TriangleFactory.swift */ = {isa = PBXFileReference; lastKnownFileType = sourcecode.swift; path = TriangleFactory.swift; sourceTree = "<group>"; };
		59D1978E286C564B0001154D /* CircleFactory.swift */ = {isa = PBXFileReference; lastKnownFileType = sourcecode.swift; path = CircleFactory.swift; sourceTree = "<group>"; };
		59E1DC9928587B7300F97ACE /* ShapeViewModel.swift */ = {isa = PBXFileReference; lastKnownFileType = sourcecode.swift; path = ShapeViewModel.swift; sourceTree = "<group>"; };
/* End PBXFileReference section */

/* Begin PBXFrameworksBuildPhase section */
		5941D6972851BD8800957E1E /* Frameworks */ = {
			isa = PBXFrameworksBuildPhase;
			buildActionMask = 2147483647;
			files = (
			);
			runOnlyForDeploymentPostprocessing = 0;
		};
/* End PBXFrameworksBuildPhase section */

/* Begin PBXGroup section */
		5941D6912851BD8800957E1E = {
			isa = PBXGroup;
			children = (
				5941D69C2851BD8800957E1E /* Paint App */,
				5941D69B2851BD8800957E1E /* Products */,
			);
			sourceTree = "<group>";
		};
		5941D69B2851BD8800957E1E /* Products */ = {
			isa = PBXGroup;
			children = (
				5941D69A2851BD8800957E1E /* Paint App.app */,
			);
			name = Products;
			sourceTree = "<group>";
		};
		5941D69C2851BD8800957E1E /* Paint App */ = {
			isa = PBXGroup;
			children = (
				5941D69D2851BD8800957E1E /* AppDelegate.swift */,
				5941D69F2851BD8800957E1E /* SceneDelegate.swift */,
				5941D6A12851BD8800957E1E /* ViewController.swift */,
				591FDD6128570F460014B1BB /* Canvas.swift */,
				5997D79B286F2211008BF2D5 /* ShapesMomento.swift */,
				59E1DC9928587B7300F97ACE /* ShapeViewModel.swift */,
				59D19783286C55100001154D /* ShapeFactory */,
				5941D6A32851BD8800957E1E /* Main.storyboard */,
				5941D6A62851BD8800957E1E /* Assets.xcassets */,
				5941D6A82851BD8800957E1E /* LaunchScreen.storyboard */,
				5941D6AB2851BD8800957E1E /* Info.plist */,
			);
			path = "Paint App";
			sourceTree = "<group>";
		};
		59D19783286C55100001154D /* ShapeFactory */ = {
			isa = PBXGroup;
			children = (
				59D19786286C55C30001154D /* UIBiezer + Extension.swift */,
				59D19784286C553E0001154D /* ShapeConfiguration.swift */,
				59D19788286C56020001154D /* LineFactory.swift */,
				59D1978A286C56290001154D /* RectangleFactory.swift */,
				59D1978C286C56390001154D /* TriangleFactory.swift */,
				59D1978E286C564B0001154D /* CircleFactory.swift */,
			);
			path = ShapeFactory;
			sourceTree = "<group>";
		};
/* End PBXGroup section */

/* Begin PBXNativeTarget section */
		5941D6992851BD8800957E1E /* Paint App */ = {
			isa = PBXNativeTarget;
			buildConfigurationList = 5941D6AE2851BD8800957E1E /* Build configuration list for PBXNativeTarget "Paint App" */;
			buildPhases = (
				5941D6962851BD8800957E1E /* Sources */,
				5941D6972851BD8800957E1E /* Frameworks */,
				5941D6982851BD8800957E1E /* Resources */,
			);
			buildRules = (
			);
			dependencies = (
			);
			name = "Paint App";
			productName = "Paint App";
			productReference = 5941D69A2851BD8800957E1E /* Paint App.app */;
			productType = "com.apple.product-type.application";
		};
/* End PBXNativeTarget section */

/* Begin PBXProject section */
		5941D6922851BD8800957E1E /* Project object */ = {
			isa = PBXProject;
			attributes = {
				BuildIndependentTargetsInParallel = 1;
				LastSwiftUpdateCheck = 1330;
				LastUpgradeCheck = 1330;
				TargetAttributes = {
					5941D6992851BD8800957E1E = {
						CreatedOnToolsVersion = 13.3.1;
					};
				};
			};
			buildConfigurationList = 5941D6952851BD8800957E1E /* Build configuration list for PBXProject "Paint App" */;
			compatibilityVersion = "Xcode 13.0";
			developmentRegion = en;
			hasScannedForEncodings = 0;
			knownRegions = (
				en,
				Base,
			);
			mainGroup = 5941D6912851BD8800957E1E;
			productRefGroup = 5941D69B2851BD8800957E1E /* Products */;
			projectDirPath = "";
			projectRoot = "";
			targets = (
				5941D6992851BD8800957E1E /* Paint App */,
			);
		};
/* End PBXProject section */

/* Begin PBXResourcesBuildPhase section */
		5941D6982851BD8800957E1E /* Resources */ = {
			isa = PBXResourcesBuildPhase;
			buildActionMask = 2147483647;
			files = (
				5941D6AA2851BD8800957E1E /* LaunchScreen.storyboard in Resources */,
				5941D6A72851BD8800957E1E /* Assets.xcassets in Resources */,
				5941D6A52851BD8800957E1E /* Main.storyboard in Resources */,
			);
			runOnlyForDeploymentPostprocessing = 0;
		};
/* End PBXResourcesBuildPhase section */

/* Begin PBXSourcesBuildPhase section */
		5941D6962851BD8800957E1E /* Sources */ = {
			isa = PBXSourcesBuildPhase;
			buildActionMask = 2147483647;
			files = (
				59D19785286C553E0001154D /* ShapeConfiguration.swift in Sources */,
				5997D79C286F2211008BF2D5 /* ShapesMomento.swift in Sources */,
				59D19787286C55C30001154D /* UIBiezer + Extension.swift in Sources */,
				5941D6A22851BD8800957E1E /* ViewController.swift in Sources */,
				59D1978F286C564B0001154D /* CircleFactory.swift in Sources */,
				5941D69E2851BD8800957E1E /* AppDelegate.swift in Sources */,
				59D19789286C56020001154D /* LineFactory.swift in Sources */,
				59D1978B286C56290001154D /* RectangleFactory.swift in Sources */,
				59E1DC9A28587B7300F97ACE /* ShapeViewModel.swift in Sources */,
				5941D6A02851BD8800957E1E /* SceneDelegate.swift in Sources */,
				59D1978D286C56390001154D /* TriangleFactory.swift in Sources */,
				591FDD6228570F460014B1BB /* Canvas.swift in Sources */,
			);
			runOnlyForDeploymentPostprocessing = 0;
		};
/* End PBXSourcesBuildPhase section */

/* Begin PBXVariantGroup section */
		5941D6A32851BD8800957E1E /* Main.storyboard */ = {
			isa = PBXVariantGroup;
			children = (
				5941D6A42851BD8800957E1E /* Base */,
			);
			name = Main.storyboard;
			sourceTree = "<group>";
		};
		5941D6A82851BD8800957E1E /* LaunchScreen.storyboard */ = {
			isa = PBXVariantGroup;
			children = (
				5941D6A92851BD8800957E1E /* Base */,
			);
			name = LaunchScreen.storyboard;
			sourceTree = "<group>";
		};
/* End PBXVariantGroup section */

/* Begin XCBuildConfiguration section */
		5941D6AC2851BD8800957E1E /* Debug */ = {
			isa = XCBuildConfiguration;
			buildSettings = {
				ALWAYS_SEARCH_USER_PATHS = NO;
				CLANG_ANALYZER_NONNULL = YES;
				CLANG_ANALYZER_NUMBER_OBJECT_CONVERSION = YES_AGGRESSIVE;
				CLANG_CXX_LANGUAGE_STANDARD = "gnu++17";
				CLANG_ENABLE_MODULES = YES;
				CLANG_ENABLE_OBJC_ARC = YES;
				CLANG_ENABLE_OBJC_WEAK = YES;
				CLANG_WARN_BLOCK_CAPTURE_AUTORELEASING = YES;
				CLANG_WARN_BOOL_CONVERSION = YES;
				CLANG_WARN_COMMA = YES;
				CLANG_WARN_CONSTANT_CONVERSION = YES;
				CLANG_WARN_DEPRECATED_OBJC_IMPLEMENTATIONS = YES;
				CLANG_WARN_DIRECT_OBJC_ISA_USAGE = YES_ERROR;
				CLANG_WARN_DOCUMENTATION_COMMENTS = YES;
				CLANG_WARN_EMPTY_BODY = YES;
				CLANG_WARN_ENUM_CONVERSION = YES;
				CLANG_WARN_INFINITE_RECURSION = YES;
				CLANG_WARN_INT_CONVERSION = YES;
				CLANG_WARN_NON_LITERAL_NULL_CONVERSION = YES;
				CLANG_WARN_OBJC_IMPLICIT_RETAIN_SELF = YES;
				CLANG_WARN_OBJC_LITERAL_CONVERSION = YES;
				CLANG_WARN_OBJC_ROOT_CLASS = YES_ERROR;
				CLANG_WARN_QUOTED_INCLUDE_IN_FRAMEWORK_HEADER = YES;
				CLANG_WARN_RANGE_LOOP_ANALYSIS = YES;
				CLANG_WARN_STRICT_PROTOTYPES = YES;
				CLANG_WARN_SUSPICIOUS_MOVE = YES;
				CLANG_WARN_UNGUARDED_AVAILABILITY = YES_AGGRESSIVE;
				CLANG_WARN_UNREACHABLE_CODE = YES;
				CLANG_WARN__DUPLICATE_METHOD_MATCH = YES;
				COPY_PHASE_STRIP = NO;
				DEBUG_INFORMATION_FORMAT = dwarf;
				ENABLE_STRICT_OBJC_MSGSEND = YES;
				ENABLE_TESTABILITY = YES;
				GCC_C_LANGUAGE_STANDARD = gnu11;
				GCC_DYNAMIC_NO_PIC = NO;
				GCC_NO_COMMON_BLOCKS = YES;
				GCC_OPTIMIZATION_LEVEL = 0;
				GCC_PREPROCESSOR_DEFINITIONS = (
					"DEBUG=1",
					"$(inherited)",
				);
				GCC_WARN_64_TO_32_BIT_CONVERSION = YES;
				GCC_WARN_ABOUT_RETURN_TYPE = YES_ERROR;
				GCC_WARN_UNDECLARED_SELECTOR = YES;
				GCC_WARN_UNINITIALIZED_AUTOS = YES_AGGRESSIVE;
				GCC_WARN_UNUSED_FUNCTION = YES;
				GCC_WARN_UNUSED_VARIABLE = YES;
				IPHONEOS_DEPLOYMENT_TARGET = 15.4;
				MTL_ENABLE_DEBUG_INFO = INCLUDE_SOURCE;
				MTL_FAST_MATH = YES;
				ONLY_ACTIVE_ARCH = YES;
				SDKROOT = iphoneos;
				SWIFT_ACTIVE_COMPILATION_CONDITIONS = DEBUG;
				SWIFT_OPTIMIZATION_LEVEL = "-Onone";
			};
			name = Debug;
		};
		5941D6AD2851BD8800957E1E /* Release */ = {
			isa = XCBuildConfiguration;
			buildSettings = {
				ALWAYS_SEARCH_USER_PATHS = NO;
				CLANG_ANALYZER_NONNULL = YES;
				CLANG_ANALYZER_NUMBER_OBJECT_CONVERSION = YES_AGGRESSIVE;
				CLANG_CXX_LANGUAGE_STANDARD = "gnu++17";
				CLANG_ENABLE_MODULES = YES;
				CLANG_ENABLE_OBJC_ARC = YES;
				CLANG_ENABLE_OBJC_WEAK = YES;
				CLANG_WARN_BLOCK_CAPTURE_AUTORELEASING = YES;
				CLANG_WARN_BOOL_CONVERSION = YES;
				CLANG_WARN_COMMA = YES;
				CLANG_WARN_CONSTANT_CONVERSION = YES;
				CLANG_WARN_DEPRECATED_OBJC_IMPLEMENTATIONS = YES;
				CLANG_WARN_DIRECT_OBJC_ISA_USAGE = YES_ERROR;
				CLANG_WARN_DOCUMENTATION_COMMENTS = YES;
				CLANG_WARN_EMPTY_BODY = YES;
				CLANG_WARN_ENUM_CONVERSION = YES;
				CLANG_WARN_INFINITE_RECURSION = YES;
				CLANG_WARN_INT_CONVERSION = YES;
				CLANG_WARN_NON_LITERAL_NULL_CONVERSION = YES;
				CLANG_WARN_OBJC_IMPLICIT_RETAIN_SELF = YES;
				CLANG_WARN_OBJC_LITERAL_CONVERSION = YES;
				CLANG_WARN_OBJC_ROOT_CLASS = YES_ERROR;
				CLANG_WARN_QUOTED_INCLUDE_IN_FRAMEWORK_HEADER = YES;
				CLANG_WARN_RANGE_LOOP_ANALYSIS = YES;
				CLANG_WARN_STRICT_PROTOTYPES = YES;
				CLANG_WARN_SUSPICIOUS_MOVE = YES;
				CLANG_WARN_UNGUARDED_AVAILABILITY = YES_AGGRESSIVE;
				CLANG_WARN_UNREACHABLE_CODE = YES;
				CLANG_WARN__DUPLICATE_METHOD_MATCH = YES;
				COPY_PHASE_STRIP = NO;
				DEBUG_INFORMATION_FORMAT = "dwarf-with-dsym";
				ENABLE_NS_ASSERTIONS = NO;
				ENABLE_STRICT_OBJC_MSGSEND = YES;
				GCC_C_LANGUAGE_STANDARD = gnu11;
				GCC_NO_COMMON_BLOCKS = YES;
				GCC_WARN_64_TO_32_BIT_CONVERSION = YES;
				GCC_WARN_ABOUT_RETURN_TYPE = YES_ERROR;
				GCC_WARN_UNDECLARED_SELECTOR = YES;
				GCC_WARN_UNINITIALIZED_AUTOS = YES_AGGRESSIVE;
				GCC_WARN_UNUSED_FUNCTION = YES;
				GCC_WARN_UNUSED_VARIABLE = YES;
				IPHONEOS_DEPLOYMENT_TARGET = 15.4;
				MTL_ENABLE_DEBUG_INFO = NO;
				MTL_FAST_MATH = YES;
				SDKROOT = iphoneos;
				SWIFT_COMPILATION_MODE = wholemodule;
				SWIFT_OPTIMIZATION_LEVEL = "-O";
				VALIDATE_PRODUCT = YES;
			};
			name = Release;
		};
		5941D6AF2851BD8800957E1E /* Debug */ = {
			isa = XCBuildConfiguration;
			buildSettings = {
				ASSETCATALOG_COMPILER_APPICON_NAME = AppIcon;
				ASSETCATALOG_COMPILER_GLOBAL_ACCENT_COLOR_NAME = AccentColor;
				CODE_SIGN_STYLE = Automatic;
				CURRENT_PROJECT_VERSION = 1;
				GENERATE_INFOPLIST_FILE = YES;
				INFOPLIST_FILE = "Paint App/Info.plist";
				INFOPLIST_KEY_UIApplicationSupportsIndirectInputEvents = YES;
				INFOPLIST_KEY_UILaunchStoryboardName = LaunchScreen;
				INFOPLIST_KEY_UIMainStoryboardFile = Main;
				INFOPLIST_KEY_UISupportedInterfaceOrientations_iPad = "UIInterfaceOrientationPortrait UIInterfaceOrientationPortraitUpsideDown UIInterfaceOrientationLandscapeLeft UIInterfaceOrientationLandscapeRight";
				INFOPLIST_KEY_UISupportedInterfaceOrientations_iPhone = "UIInterfaceOrientationPortrait UIInterfaceOrientationLandscapeLeft UIInterfaceOrientationLandscapeRight";
				IPHONEOS_DEPLOYMENT_TARGET = 13.0;
				LD_RUNPATH_SEARCH_PATHS = (
					"$(inherited)",
					"@executable_path/Frameworks",
				);
				MARKETING_VERSION = 1.0;
				PRODUCT_BUNDLE_IDENTIFIER = "aidyn.Paint-App";
				PRODUCT_NAME = "$(TARGET_NAME)";
				SWIFT_EMIT_LOC_STRINGS = YES;
				SWIFT_VERSION = 5.0;
				TARGETED_DEVICE_FAMILY = 2;
			};
			name = Debug;
		};
		5941D6B02851BD8800957E1E /* Release */ = {
			isa = XCBuildConfiguration;
			buildSettings = {
				ASSETCATALOG_COMPILER_APPICON_NAME = AppIcon;
				ASSETCATALOG_COMPILER_GLOBAL_ACCENT_COLOR_NAME = AccentColor;
				CODE_SIGN_STYLE = Automatic;
				CURRENT_PROJECT_VERSION = 1;
				GENERATE_INFOPLIST_FILE = YES;
				INFOPLIST_FILE = "Paint App/Info.plist";
				INFOPLIST_KEY_UIApplicationSupportsIndirectInputEvents = YES;
				INFOPLIST_KEY_UILaunchStoryboardName = LaunchScreen;
				INFOPLIST_KEY_UIMainStoryboardFile = Main;
				INFOPLIST_KEY_UISupportedInterfaceOrientations_iPad = "UIInterfaceOrientationPortrait UIInterfaceOrientationPortraitUpsideDown UIInterfaceOrientationLandscapeLeft UIInterfaceOrientationLandscapeRight";
				INFOPLIST_KEY_UISupportedInterfaceOrientations_iPhone = "UIInterfaceOrientationPortrait UIInterfaceOrientationLandscapeLeft UIInterfaceOrientationLandscapeRight";
				IPHONEOS_DEPLOYMENT_TARGET = 13.0;
				LD_RUNPATH_SEARCH_PATHS = (
					"$(inherited)",
					"@executable_path/Frameworks",
				);
				MARKETING_VERSION = 1.0;
				PRODUCT_BUNDLE_IDENTIFIER = "aidyn.Paint-App";
				PRODUCT_NAME = "$(TARGET_NAME)";
				SWIFT_EMIT_LOC_STRINGS = YES;
				SWIFT_VERSION = 5.0;
				TARGETED_DEVICE_FAMILY = 2;
			};
			name = Release;
		};
/* End XCBuildConfiguration section */

/* Begin XCConfigurationList section */
		5941D6952851BD8800957E1E /* Build configuration list for PBXProject "Paint App" */ = {
			isa = XCConfigurationList;
			buildConfigurations = (
				5941D6AC2851BD8800957E1E /* Debug */,
				5941D6AD2851BD8800957E1E /* Release */,
			);
			defaultConfigurationIsVisible = 0;
			defaultConfigurationName = Release;
		};
		5941D6AE2851BD8800957E1E /* Build configuration list for PBXNativeTarget "Paint App" */ = {
			isa = XCConfigurationList;
			buildConfigurations = (
				5941D6AF2851BD8800957E1E /* Debug */,
				5941D6B02851BD8800957E1E /* Release */,
			);
			defaultConfigurationIsVisible = 0;
			defaultConfigurationName = Release;
		};
/* End XCConfigurationList section */
	};
	rootObject = 5941D6922851BD8800957E1E /* Project object */;
}
